
Microsoft Visual Studio Solution File, Format Version 12.00
# Visual Studio Version 16
VisualStudioVersion = 16.0.32228.343
MinimumVisualStudioVersion = 10.0.40219.1
Project("{9A19103F-16F7-4668-BE54-9A1E7A4F7556}") = "eBooksAPI", "eBooksAPI\eBooksAPI.csproj", "{3E4FDAC5-C687-4315-B29C-EFA17AF62ACD}"
EndProject
Project("{FAE04EC0-301F-11D3-BF4B-00C04F79EFBC}") = "book_Test", "book_Test\book_Test.csproj", "{B42BEB70-0EC1-47BC-B7E3-C33A12430A3B}"
EndProject
Global
	GlobalSection(SolutionConfigurationPlatforms) = preSolution
		Debug|Any CPU = Debug|Any CPU
		Release|Any CPU = Release|Any CPU
	EndGlobalSection
	GlobalSection(ProjectConfigurationPlatforms) = postSolution
		{3E4FDAC5-C687-4315-B29C-EFA17AF62ACD}.Debug|Any CPU.ActiveCfg = Debug|Any CPU
		{3E4FDAC5-C687-4315-B29C-EFA17AF62ACD}.Debug|Any CPU.Build.0 = Debug|Any CPU
		{3E4FDAC5-C687-4315-B29C-EFA17AF62ACD}.Release|Any CPU.ActiveCfg = Release|Any CPU
		{3E4FDAC5-C687-4315-B29C-EFA17AF62ACD}.Release|Any CPU.Build.0 = Release|Any CPU
		{B42BEB70-0EC1-47BC-B7E3-C33A12430A3B}.Debug|Any CPU.ActiveCfg = Debug|Any CPU
		{B42BEB70-0EC1-47BC-B7E3-C33A12430A3B}.Debug|Any CPU.Build.0 = Debug|Any CPU
		{B42BEB70-0EC1-47BC-B7E3-C33A12430A3B}.Release|Any CPU.ActiveCfg = Release|Any CPU
		{B42BEB70-0EC1-47BC-B7E3-C33A12430A3B}.Release|Any CPU.Build.0 = Release|Any CPU
	EndGlobalSection
	GlobalSection(SolutionProperties) = preSolution
		HideSolutionNode = FALSE
	EndGlobalSection
	GlobalSection(ExtensibilityGlobals) = postSolution
		SolutionGuid = {BF855FDE-A517-464B-A397-AA84173FB834}
	EndGlobalSection
EndGlobal
